{
  "name": "layout",
  "lockfileVersion": 3,
  "requires": true,
  "packages": {
    "": {
      "dependencies": {
        "appwrite": "^19.0.0",
        "seamless-scroll-polyfill": "^2.3.4"
      }
    },
    "node_modules/appwrite": {
      "version": "19.0.0",
      "resolved": "https://registry.npmjs.org/appwrite/-/appwrite-19.0.0.tgz",
      "integrity": "sha512-guamzST6Fvn/lvuBMLJGzJGL+N+o313j53qyfKM1ZHfcDd1ADnSONgm9DZihRFYBaWtU7s1bwkphkBJWSUwurQ==",
      "license": "BSD-3-Clause"
    },
    "node_modules/seamless-scroll-polyfill": {
      "version": "2.3.4",
      "resolved": "https://registry.npmjs.org/seamless-scroll-polyfill/-/seamless-scroll-polyfill-2.3.4.tgz",
      "integrity": "sha512-Biobd4LDoeFODX1bfiru84GveSajzFELFB3ejMZsRR2TpD73W46uEZYAEqSx5RtKpN2umhGWaoSRivs0ZcHp9g==",
      "license": "MIT"
    }
  }
}
